
Microsoft Visual Studio Solution File, Format Version 12.00
# Visual Studio Version 17
VisualStudioVersion = 17.1.32328.378
MinimumVisualStudioVersion = 10.0.40219.1
Project("{9A19103F-16F7-4668-BE54-9A1E7A4F7556}") = "BestPractices", "BestPractices\BestPractices.csproj", "{61AE5FFC-7BC1-46E4-857D-C54009C54F1C}"
EndProject
Project("{9A19103F-16F7-4668-BE54-9A1E7A4F7556}") = "BAL", "BAL\BAL.csproj", "{FBD6E929-0782-4029-9A24-AAE0CC4C6967}"
EndProject
Project("{FAE04EC0-301F-11D3-BF4B-00C04F79EFBC}") = "App.Utils", "App.Utils\App.Utils.csproj", "{B8812E80-5AE7-4C29-B258-2F537423577F}"
EndProject
Project("{FAE04EC0-301F-11D3-BF4B-00C04F79EFBC}") = "App.Common.Campatibility", "App.Common.Campatibility\App.Common.Campatibility.csproj", "{06EA8C87-D311-45B2-8F38-AD3AD6CDE7B4}"
EndProject
Project("{FAE04EC0-301F-11D3-BF4B-00C04F79EFBC}") = "DAL", "DAL\DAL.csproj", "{20A2C4F5-F56D-4C7A-A99A-B4541E755928}"
EndProject
Global
	GlobalSection(SolutionConfigurationPlatforms) = preSolution
		Debug|Any CPU = Debug|Any CPU
		Release|Any CPU = Release|Any CPU
	EndGlobalSection
	GlobalSection(ProjectConfigurationPlatforms) = postSolution
		{61AE5FFC-7BC1-46E4-857D-C54009C54F1C}.Debug|Any CPU.ActiveCfg = Debug|Any CPU
		{61AE5FFC-7BC1-46E4-857D-C54009C54F1C}.Debug|Any CPU.Build.0 = Debug|Any CPU
		{61AE5FFC-7BC1-46E4-857D-C54009C54F1C}.Release|Any CPU.ActiveCfg = Release|Any CPU
		{61AE5FFC-7BC1-46E4-857D-C54009C54F1C}.Release|Any CPU.Build.0 = Release|Any CPU
		{FBD6E929-0782-4029-9A24-AAE0CC4C6967}.Debug|Any CPU.ActiveCfg = Debug|Any CPU
		{FBD6E929-0782-4029-9A24-AAE0CC4C6967}.Debug|Any CPU.Build.0 = Debug|Any CPU
		{FBD6E929-0782-4029-9A24-AAE0CC4C6967}.Release|Any CPU.ActiveCfg = Release|Any CPU
		{FBD6E929-0782-4029-9A24-AAE0CC4C6967}.Release|Any CPU.Build.0 = Release|Any CPU
		{B8812E80-5AE7-4C29-B258-2F537423577F}.Debug|Any CPU.ActiveCfg = Debug|Any CPU
		{B8812E80-5AE7-4C29-B258-2F537423577F}.Debug|Any CPU.Build.0 = Debug|Any CPU
		{B8812E80-5AE7-4C29-B258-2F537423577F}.Release|Any CPU.ActiveCfg = Release|Any CPU
		{B8812E80-5AE7-4C29-B258-2F537423577F}.Release|Any CPU.Build.0 = Release|Any CPU
		{06EA8C87-D311-45B2-8F38-AD3AD6CDE7B4}.Debug|Any CPU.ActiveCfg = Debug|Any CPU
		{06EA8C87-D311-45B2-8F38-AD3AD6CDE7B4}.Debug|Any CPU.Build.0 = Debug|Any CPU
		{06EA8C87-D311-45B2-8F38-AD3AD6CDE7B4}.Release|Any CPU.ActiveCfg = Release|Any CPU
		{06EA8C87-D311-45B2-8F38-AD3AD6CDE7B4}.Release|Any CPU.Build.0 = Release|Any CPU
		{20A2C4F5-F56D-4C7A-A99A-B4541E755928}.Debug|Any CPU.ActiveCfg = Debug|Any CPU
		{20A2C4F5-F56D-4C7A-A99A-B4541E755928}.Debug|Any CPU.Build.0 = Debug|Any CPU
		{20A2C4F5-F56D-4C7A-A99A-B4541E755928}.Release|Any CPU.ActiveCfg = Release|Any CPU
		{20A2C4F5-F56D-4C7A-A99A-B4541E755928}.Release|Any CPU.Build.0 = Release|Any CPU
	EndGlobalSection
	GlobalSection(SolutionProperties) = preSolution
		HideSolutionNode = FALSE
	EndGlobalSection
	GlobalSection(ExtensibilityGlobals) = postSolution
		SolutionGuid = {01376273-3861-4E53-A289-FEA75C51BF4D}
	EndGlobalSection
EndGlobal
